// !$*UTF8*$!
{
	archiveVersion = 1;
	classes = {
	};
	objectVersion = 56;
	objects = {

/* Begin PBXBuildFile section */
		BF3B4E7B2A4555FF00A99CD9 /* CryptoTrackerApp.swift in Sources */ = {isa = PBXBuildFile; fileRef = BF3B4E7A2A4555FF00A99CD9 /* CryptoTrackerApp.swift */; };
		BF3B4E7F2A45560000A99CD9 /* Assets.xcassets in Resources */ = {isa = PBXBuildFile; fileRef = BF3B4E7E2A45560000A99CD9 /* Assets.xcassets */; };
		BF3B4E822A45560000A99CD9 /* Preview Assets.xcassets in Resources */ = {isa = PBXBuildFile; fileRef = BF3B4E812A45560000A99CD9 /* Preview Assets.xcassets */; };
		BF3B4E8A2A45586100A99CD9 /* Color.swift in Sources */ = {isa = PBXBuildFile; fileRef = BF3B4E892A45586100A99CD9 /* Color.swift */; };
		BF3B4E902A455F0700A99CD9 /* HomeView.swift in Sources */ = {isa = PBXBuildFile; fileRef = BF3B4E8F2A455F0700A99CD9 /* HomeView.swift */; };
		BF3B4E942A45601100A99CD9 /* CircleButtonView.swift in Sources */ = {isa = PBXBuildFile; fileRef = BF3B4E932A45601100A99CD9 /* CircleButtonView.swift */; };
		BF3EC1592A46862400E5A95D /* HomeViewModel.swift in Sources */ = {isa = PBXBuildFile; fileRef = BF3EC1582A46862400E5A95D /* HomeViewModel.swift */; };
		BF3EC15C2A46923300E5A95D /* CoinDataService.swift in Sources */ = {isa = PBXBuildFile; fileRef = BF3EC15B2A46923300E5A95D /* CoinDataService.swift */; };
		BF3EC15F2A46A20300E5A95D /* NetworkManager.swift in Sources */ = {isa = PBXBuildFile; fileRef = BF3EC15E2A46A20300E5A95D /* NetworkManager.swift */; };
		BF3EC1642A46AD1900E5A95D /* CoinImageView.swift in Sources */ = {isa = PBXBuildFile; fileRef = BF3EC1632A46AD1900E5A95D /* CoinImageView.swift */; };
		BFD84D012A47F1F9006605BD /* CoinImageService.swift in Sources */ = {isa = PBXBuildFile; fileRef = BFD84D002A47F1F9006605BD /* CoinImageService.swift */; };
		BFD84D032A47F449006605BD /* CoinImageViewModel.swift in Sources */ = {isa = PBXBuildFile; fileRef = BFD84D022A47F449006605BD /* CoinImageViewModel.swift */; };
		BFD84D052A4800C1006605BD /* LocalFileManager.swift in Sources */ = {isa = PBXBuildFile; fileRef = BFD84D042A4800C1006605BD /* LocalFileManager.swift */; };
		BFD84D082A49B71E006605BD /* SearchBarView.swift in Sources */ = {isa = PBXBuildFile; fileRef = BFD84D072A49B71E006605BD /* SearchBarView.swift */; };
		BFD84D0A2A49BB06006605BD /* UIApplication.swift in Sources */ = {isa = PBXBuildFile; fileRef = BFD84D092A49BB06006605BD /* UIApplication.swift */; };
		BFD84D0C2A4ADF20006605BD /* Statistic.swift in Sources */ = {isa = PBXBuildFile; fileRef = BFD84D0B2A4ADF20006605BD /* Statistic.swift */; };
		BFD84D102A4AE05E006605BD /* StatisticView.swift in Sources */ = {isa = PBXBuildFile; fileRef = BFD84D0F2A4AE05E006605BD /* StatisticView.swift */; };
		BFD84D122A4AE41E006605BD /* HomeStatsView.swift in Sources */ = {isa = PBXBuildFile; fileRef = BFD84D112A4AE41E006605BD /* HomeStatsView.swift */; };
		BFD9F9412A456B54003D65FB /* CircleButtonAnimationView.swift in Sources */ = {isa = PBXBuildFile; fileRef = BFD9F9402A456B54003D65FB /* CircleButtonAnimationView.swift */; };
		BFD9F9442A457195003D65FB /* Coin.swift in Sources */ = {isa = PBXBuildFile; fileRef = BFD9F9432A457195003D65FB /* Coin.swift */; };
		BFD9F9462A4579A6003D65FB /* CoinRowView.swift in Sources */ = {isa = PBXBuildFile; fileRef = BFD9F9452A4579A6003D65FB /* CoinRowView.swift */; };
		BFD9F94A2A457A12003D65FB /* PreviewProvider.swift in Sources */ = {isa = PBXBuildFile; fileRef = BFD9F9492A457A12003D65FB /* PreviewProvider.swift */; };
		BFD9F94C2A46772E003D65FB /* Double.swift in Sources */ = {isa = PBXBuildFile; fileRef = BFD9F94B2A46772E003D65FB /* Double.swift */; };
/* End PBXBuildFile section */

/* Begin PBXFileReference section */
		BF3B4E772A4555FF00A99CD9 /* CryptoTracker.app */ = {isa = PBXFileReference; explicitFileType = wrapper.application; includeInIndex = 0; path = CryptoTracker.app; sourceTree = BUILT_PRODUCTS_DIR; };
		BF3B4E7A2A4555FF00A99CD9 /* CryptoTrackerApp.swift */ = {isa = PBXFileReference; lastKnownFileType = sourcecode.swift; path = CryptoTrackerApp.swift; sourceTree = "<group>"; };
		BF3B4E7E2A45560000A99CD9 /* Assets.xcassets */ = {isa = PBXFileReference; lastKnownFileType = folder.assetcatalog; path = Assets.xcassets; sourceTree = "<group>"; };
		BF3B4E812A45560000A99CD9 /* Preview Assets.xcassets */ = {isa = PBXFileReference; lastKnownFileType = folder.assetcatalog; path = "Preview Assets.xcassets"; sourceTree = "<group>"; };
		BF3B4E892A45586100A99CD9 /* Color.swift */ = {isa = PBXFileReference; lastKnownFileType = sourcecode.swift; path = Color.swift; sourceTree = "<group>"; };
		BF3B4E8F2A455F0700A99CD9 /* HomeView.swift */ = {isa = PBXFileReference; lastKnownFileType = sourcecode.swift; path = HomeView.swift; sourceTree = "<group>"; };
		BF3B4E932A45601100A99CD9 /* CircleButtonView.swift */ = {isa = PBXFileReference; lastKnownFileType = sourcecode.swift; path = CircleButtonView.swift; sourceTree = "<group>"; };
		BF3EC1582A46862400E5A95D /* HomeViewModel.swift */ = {isa = PBXFileReference; lastKnownFileType = sourcecode.swift; path = HomeViewModel.swift; sourceTree = "<group>"; };
		BF3EC15B2A46923300E5A95D /* CoinDataService.swift */ = {isa = PBXFileReference; lastKnownFileType = sourcecode.swift; path = CoinDataService.swift; sourceTree = "<group>"; };
		BF3EC15E2A46A20300E5A95D /* NetworkManager.swift */ = {isa = PBXFileReference; lastKnownFileType = sourcecode.swift; path = NetworkManager.swift; sourceTree = "<group>"; };
		BF3EC1632A46AD1900E5A95D /* CoinImageView.swift */ = {isa = PBXFileReference; lastKnownFileType = sourcecode.swift; path = CoinImageView.swift; sourceTree = "<group>"; };
		BFD84D002A47F1F9006605BD /* CoinImageService.swift */ = {isa = PBXFileReference; lastKnownFileType = sourcecode.swift; path = CoinImageService.swift; sourceTree = "<group>"; };
		BFD84D022A47F449006605BD /* CoinImageViewModel.swift */ = {isa = PBXFileReference; lastKnownFileType = sourcecode.swift; path = CoinImageViewModel.swift; sourceTree = "<group>"; };
		BFD84D042A4800C1006605BD /* LocalFileManager.swift */ = {isa = PBXFileReference; lastKnownFileType = sourcecode.swift; path = LocalFileManager.swift; sourceTree = "<group>"; };
		BFD84D072A49B71E006605BD /* SearchBarView.swift */ = {isa = PBXFileReference; lastKnownFileType = sourcecode.swift; path = SearchBarView.swift; sourceTree = "<group>"; };
		BFD84D092A49BB06006605BD /* UIApplication.swift */ = {isa = PBXFileReference; lastKnownFileType = sourcecode.swift; path = UIApplication.swift; sourceTree = "<group>"; };
		BFD84D0B2A4ADF20006605BD /* Statistic.swift */ = {isa = PBXFileReference; lastKnownFileType = sourcecode.swift; path = Statistic.swift; sourceTree = "<group>"; };
		BFD84D0F2A4AE05E006605BD /* StatisticView.swift */ = {isa = PBXFileReference; lastKnownFileType = sourcecode.swift; path = StatisticView.swift; sourceTree = "<group>"; };
		BFD84D112A4AE41E006605BD /* HomeStatsView.swift */ = {isa = PBXFileReference; lastKnownFileType = sourcecode.swift; path = HomeStatsView.swift; sourceTree = "<group>"; };
		BFD9F9402A456B54003D65FB /* CircleButtonAnimationView.swift */ = {isa = PBXFileReference; lastKnownFileType = sourcecode.swift; path = CircleButtonAnimationView.swift; sourceTree = "<group>"; };
		BFD9F9432A457195003D65FB /* Coin.swift */ = {isa = PBXFileReference; lastKnownFileType = sourcecode.swift; path = Coin.swift; sourceTree = "<group>"; };
		BFD9F9452A4579A6003D65FB /* CoinRowView.swift */ = {isa = PBXFileReference; lastKnownFileType = sourcecode.swift; path = CoinRowView.swift; sourceTree = "<group>"; };
		BFD9F9492A457A12003D65FB /* PreviewProvider.swift */ = {isa = PBXFileReference; lastKnownFileType = sourcecode.swift; path = PreviewProvider.swift; sourceTree = "<group>"; };
		BFD9F94B2A46772E003D65FB /* Double.swift */ = {isa = PBXFileReference; lastKnownFileType = sourcecode.swift; path = Double.swift; sourceTree = "<group>"; };
/* End PBXFileReference section */

/* Begin PBXFrameworksBuildPhase section */
		BF3B4E742A4555FF00A99CD9 /* Frameworks */ = {
			isa = PBXFrameworksBuildPhase;
			buildActionMask = 2147483647;
			files = (
			);
			runOnlyForDeploymentPostprocessing = 0;
		};
/* End PBXFrameworksBuildPhase section */

/* Begin PBXGroup section */
		BF3B4E6E2A4555FF00A99CD9 = {
			isa = PBXGroup;
			children = (
				BF3B4E792A4555FF00A99CD9 /* CryptoTracker */,
				BF3B4E782A4555FF00A99CD9 /* Products */,
			);
			sourceTree = "<group>";
		};
		BF3B4E782A4555FF00A99CD9 /* Products */ = {
			isa = PBXGroup;
			children = (
				BF3B4E772A4555FF00A99CD9 /* CryptoTracker.app */,
			);
			name = Products;
			sourceTree = "<group>";
		};
		BF3B4E792A4555FF00A99CD9 /* CryptoTracker */ = {
			isa = PBXGroup;
			children = (
				BF3EC15D2A46A1F300E5A95D /* Utilities */,
				BF3EC15A2A46920B00E5A95D /* Services */,
				BFD9F9422A45718D003D65FB /* Models */,
				BF3B4E8B2A455EE400A99CD9 /* Core */,
				BF3B4E882A45585A00A99CD9 /* Extensions */,
				BF3B4E7A2A4555FF00A99CD9 /* CryptoTrackerApp.swift */,
				BF3B4E7E2A45560000A99CD9 /* Assets.xcassets */,
				BF3B4E802A45560000A99CD9 /* Preview Content */,
			);
			path = CryptoTracker;
			sourceTree = "<group>";
		};
		BF3B4E802A45560000A99CD9 /* Preview Content */ = {
			isa = PBXGroup;
			children = (
				BF3B4E812A45560000A99CD9 /* Preview Assets.xcassets */,
			);
			path = "Preview Content";
			sourceTree = "<group>";
		};
		BF3B4E882A45585A00A99CD9 /* Extensions */ = {
			isa = PBXGroup;
			children = (
				BF3B4E892A45586100A99CD9 /* Color.swift */,
				BFD9F94B2A46772E003D65FB /* Double.swift */,
				BFD84D092A49BB06006605BD /* UIApplication.swift */,
				BFD9F9492A457A12003D65FB /* PreviewProvider.swift */,
			);
			path = Extensions;
			sourceTree = "<group>";
		};
		BF3B4E8B2A455EE400A99CD9 /* Core */ = {
			isa = PBXGroup;
			children = (
				BF3B4E912A455FFD00A99CD9 /* Components */,
				BF3B4E8C2A455EE600A99CD9 /* Home */,
			);
			path = Core;
			sourceTree = "<group>";
		};
		BF3B4E8C2A455EE600A99CD9 /* Home */ = {
			isa = PBXGroup;
			children = (
				BF3B4E8E2A455EF900A99CD9 /* ViewModels */,
				BF3B4E8D2A455EEB00A99CD9 /* Views */,
			);
			path = Home;
			sourceTree = "<group>";
		};
		BF3B4E8D2A455EEB00A99CD9 /* Views */ = {
			isa = PBXGroup;
			children = (
				BF3B4E8F2A455F0700A99CD9 /* HomeView.swift */,
				BFD84D112A4AE41E006605BD /* HomeStatsView.swift */,
				BFD9F9452A4579A6003D65FB /* CoinRowView.swift */,
			);
			path = Views;
			sourceTree = "<group>";
		};
		BF3B4E8E2A455EF900A99CD9 /* ViewModels */ = {
			isa = PBXGroup;
			children = (
				BF3EC1582A46862400E5A95D /* HomeViewModel.swift */,
			);
			path = ViewModels;
			sourceTree = "<group>";
		};
		BF3B4E912A455FFD00A99CD9 /* Components */ = {
			isa = PBXGroup;
			children = (
				BFD84D0E2A4AE051006605BD /* StatisticView */,
				BFD84D062A49B70D006605BD /* SearchBarView */,
				BF3EC1602A46AC3500E5A95D /* CoinImage */,
				BF3B4E922A45600300A99CD9 /* CircleButton */,
			);
			path = Components;
			sourceTree = "<group>";
		};
		BF3B4E922A45600300A99CD9 /* CircleButton */ = {
			isa = PBXGroup;
			children = (
				BF3B4E932A45601100A99CD9 /* CircleButtonView.swift */,
				BFD9F9402A456B54003D65FB /* CircleButtonAnimationView.swift */,
			);
			path = CircleButton;
			sourceTree = "<group>";
		};
		BF3EC15A2A46920B00E5A95D /* Services */ = {
			isa = PBXGroup;
			children = (
				BF3EC15B2A46923300E5A95D /* CoinDataService.swift */,
				BFD84D002A47F1F9006605BD /* CoinImageService.swift */,
			);
			path = Services;
			sourceTree = "<group>";
		};
		BF3EC15D2A46A1F300E5A95D /* Utilities */ = {
			isa = PBXGroup;
			children = (
				BF3EC15E2A46A20300E5A95D /* NetworkManager.swift */,
				BFD84D042A4800C1006605BD /* LocalFileManager.swift */,
			);
			path = Utilities;
			sourceTree = "<group>";
		};
		BF3EC1602A46AC3500E5A95D /* CoinImage */ = {
			isa = PBXGroup;
			children = (
				BF3EC1632A46AD1900E5A95D /* CoinImageView.swift */,
				BFD84D022A47F449006605BD /* CoinImageViewModel.swift */,
			);
			path = CoinImage;
			sourceTree = "<group>";
		};
		BFD84D062A49B70D006605BD /* SearchBarView */ = {
			isa = PBXGroup;
			children = (
				BFD84D072A49B71E006605BD /* SearchBarView.swift */,
			);
			path = SearchBarView;
			sourceTree = "<group>";
		};
		BFD84D0E2A4AE051006605BD /* StatisticView */ = {
			isa = PBXGroup;
			children = (
				BFD84D0F2A4AE05E006605BD /* StatisticView.swift */,
			);
			path = StatisticView;
			sourceTree = "<group>";
		};
		BFD9F9422A45718D003D65FB /* Models */ = {
			isa = PBXGroup;
			children = (
				BFD9F9432A457195003D65FB /* Coin.swift */,
				BFD84D0B2A4ADF20006605BD /* Statistic.swift */,
			);
			path = Models;
			sourceTree = "<group>";
		};
/* End PBXGroup section */

/* Begin PBXNativeTarget section */
		BF3B4E762A4555FF00A99CD9 /* CryptoTracker */ = {
			isa = PBXNativeTarget;
			buildConfigurationList = BF3B4E852A45560000A99CD9 /* Build configuration list for PBXNativeTarget "CryptoTracker" */;
			buildPhases = (
				BF3B4E732A4555FF00A99CD9 /* Sources */,
				BF3B4E742A4555FF00A99CD9 /* Frameworks */,
				BF3B4E752A4555FF00A99CD9 /* Resources */,
			);
			buildRules = (
			);
			dependencies = (
			);
			name = CryptoTracker;
			productName = CryptoTracker;
			productReference = BF3B4E772A4555FF00A99CD9 /* CryptoTracker.app */;
			productType = "com.apple.product-type.application";
		};
/* End PBXNativeTarget section */

/* Begin PBXProject section */
		BF3B4E6F2A4555FF00A99CD9 /* Project object */ = {
			isa = PBXProject;
			attributes = {
				BuildIndependentTargetsInParallel = 1;
				LastSwiftUpdateCheck = 1500;
				LastUpgradeCheck = 1500;
				TargetAttributes = {
					BF3B4E762A4555FF00A99CD9 = {
						CreatedOnToolsVersion = 15.0;
					};
				};
			};
			buildConfigurationList = BF3B4E722A4555FF00A99CD9 /* Build configuration list for PBXProject "CryptoTracker" */;
			compatibilityVersion = "Xcode 14.0";
			developmentRegion = en;
			hasScannedForEncodings = 0;
			knownRegions = (
				en,
				Base,
			);
			mainGroup = BF3B4E6E2A4555FF00A99CD9;
			productRefGroup = BF3B4E782A4555FF00A99CD9 /* Products */;
			projectDirPath = "";
			projectRoot = "";
			targets = (
				BF3B4E762A4555FF00A99CD9 /* CryptoTracker */,
			);
		};
/* End PBXProject section */

/* Begin PBXResourcesBuildPhase section */
		BF3B4E752A4555FF00A99CD9 /* Resources */ = {
			isa = PBXResourcesBuildPhase;
			buildActionMask = 2147483647;
			files = (
				BF3B4E822A45560000A99CD9 /* Preview Assets.xcassets in Resources */,
				BF3B4E7F2A45560000A99CD9 /* Assets.xcassets in Resources */,
			);
			runOnlyForDeploymentPostprocessing = 0;
		};
/* End PBXResourcesBuildPhase section */

/* Begin PBXSourcesBuildPhase section */
		BF3B4E732A4555FF00A99CD9 /* Sources */ = {
			isa = PBXSourcesBuildPhase;
			buildActionMask = 2147483647;
			files = (
				BFD84D0A2A49BB06006605BD /* UIApplication.swift in Sources */,
				BFD84D102A4AE05E006605BD /* StatisticView.swift in Sources */,
				BFD84D032A47F449006605BD /* CoinImageViewModel.swift in Sources */,
				BF3EC1642A46AD1900E5A95D /* CoinImageView.swift in Sources */,
				BF3EC15F2A46A20300E5A95D /* NetworkManager.swift in Sources */,
				BFD9F9442A457195003D65FB /* Coin.swift in Sources */,
				BFD84D0C2A4ADF20006605BD /* Statistic.swift in Sources */,
				BF3B4E902A455F0700A99CD9 /* HomeView.swift in Sources */,
				BF3B4E7B2A4555FF00A99CD9 /* CryptoTrackerApp.swift in Sources */,
				BF3EC1592A46862400E5A95D /* HomeViewModel.swift in Sources */,
				BFD84D052A4800C1006605BD /* LocalFileManager.swift in Sources */,
				BFD84D122A4AE41E006605BD /* HomeStatsView.swift in Sources */,
				BFD9F9412A456B54003D65FB /* CircleButtonAnimationView.swift in Sources */,
				BF3B4E942A45601100A99CD9 /* CircleButtonView.swift in Sources */,
				BFD9F94A2A457A12003D65FB /* PreviewProvider.swift in Sources */,
				BFD9F9462A4579A6003D65FB /* CoinRowView.swift in Sources */,
				BFD9F94C2A46772E003D65FB /* Double.swift in Sources */,
				BF3B4E8A2A45586100A99CD9 /* Color.swift in Sources */,
				BFD84D012A47F1F9006605BD /* CoinImageService.swift in Sources */,
				BFD84D082A49B71E006605BD /* SearchBarView.swift in Sources */,
				BF3EC15C2A46923300E5A95D /* CoinDataService.swift in Sources */,
			);
			runOnlyForDeploymentPostprocessing = 0;
		};
/* End PBXSourcesBuildPhase section */

/* Begin XCBuildConfiguration section */
		BF3B4E832A45560000A99CD9 /* Debug */ = {
			isa = XCBuildConfiguration;
			buildSettings = {
				ALWAYS_SEARCH_USER_PATHS = NO;
				ASSETCATALOG_COMPILER_GENERATE_SWIFT_ASSET_SYMBOL_EXTENSIONS = YES;
				CLANG_ANALYZER_NONNULL = YES;
				CLANG_ANALYZER_NUMBER_OBJECT_CONVERSION = YES_AGGRESSIVE;
				CLANG_CXX_LANGUAGE_STANDARD = "gnu++20";
				CLANG_ENABLE_MODULES = YES;
				CLANG_ENABLE_OBJC_ARC = YES;
				CLANG_ENABLE_OBJC_WEAK = YES;
				CLANG_WARN_BLOCK_CAPTURE_AUTORELEASING = YES;
				CLANG_WARN_BOOL_CONVERSION = YES;
				CLANG_WARN_COMMA = YES;
				CLANG_WARN_CONSTANT_CONVERSION = YES;
				CLANG_WARN_DEPRECATED_OBJC_IMPLEMENTATIONS = YES;
				CLANG_WARN_DIRECT_OBJC_ISA_USAGE = YES_ERROR;
				CLANG_WARN_DOCUMENTATION_COMMENTS = YES;
				CLANG_WARN_EMPTY_BODY = YES;
				CLANG_WARN_ENUM_CONVERSION = YES;
				CLANG_WARN_INFINITE_RECURSION = YES;
				CLANG_WARN_INT_CONVERSION = YES;
				CLANG_WARN_NON_LITERAL_NULL_CONVERSION = YES;
				CLANG_WARN_OBJC_IMPLICIT_RETAIN_SELF = YES;
				CLANG_WARN_OBJC_LITERAL_CONVERSION = YES;
				CLANG_WARN_OBJC_ROOT_CLASS = YES_ERROR;
				CLANG_WARN_QUOTED_INCLUDE_IN_FRAMEWORK_HEADER = YES;
				CLANG_WARN_RANGE_LOOP_ANALYSIS = YES;
				CLANG_WARN_STRICT_PROTOTYPES = YES;
				CLANG_WARN_SUSPICIOUS_MOVE = YES;
				CLANG_WARN_UNGUARDED_AVAILABILITY = YES_AGGRESSIVE;
				CLANG_WARN_UNREACHABLE_CODE = YES;
				CLANG_WARN__DUPLICATE_METHOD_MATCH = YES;
				COPY_PHASE_STRIP = NO;
				DEBUG_INFORMATION_FORMAT = dwarf;
				ENABLE_STRICT_OBJC_MSGSEND = YES;
				ENABLE_TESTABILITY = YES;
				ENABLE_USER_SCRIPT_SANDBOXING = YES;
				GCC_C_LANGUAGE_STANDARD = gnu17;
				GCC_DYNAMIC_NO_PIC = NO;
				GCC_NO_COMMON_BLOCKS = YES;
				GCC_OPTIMIZATION_LEVEL = 0;
				GCC_PREPROCESSOR_DEFINITIONS = (
					"DEBUG=1",
					"$(inherited)",
				);
				GCC_WARN_64_TO_32_BIT_CONVERSION = YES;
				GCC_WARN_ABOUT_RETURN_TYPE = YES_ERROR;
				GCC_WARN_UNDECLARED_SELECTOR = YES;
				GCC_WARN_UNINITIALIZED_AUTOS = YES_AGGRESSIVE;
				GCC_WARN_UNUSED_FUNCTION = YES;
				GCC_WARN_UNUSED_VARIABLE = YES;
				IPHONEOS_DEPLOYMENT_TARGET = 17.0;
				LOCALIZATION_PREFERS_STRING_CATALOGS = YES;
				MTL_ENABLE_DEBUG_INFO = INCLUDE_SOURCE;
				MTL_FAST_MATH = YES;
				ONLY_ACTIVE_ARCH = YES;
				SDKROOT = iphoneos;
				SWIFT_ACTIVE_COMPILATION_CONDITIONS = "DEBUG $(inherited)";
				SWIFT_OPTIMIZATION_LEVEL = "-Onone";
			};
			name = Debug;
		};
		BF3B4E842A45560000A99CD9 /* Release */ = {
			isa = XCBuildConfiguration;
			buildSettings = {
				ALWAYS_SEARCH_USER_PATHS = NO;
				ASSETCATALOG_COMPILER_GENERATE_SWIFT_ASSET_SYMBOL_EXTENSIONS = YES;
				CLANG_ANALYZER_NONNULL = YES;
				CLANG_ANALYZER_NUMBER_OBJECT_CONVERSION = YES_AGGRESSIVE;
				CLANG_CXX_LANGUAGE_STANDARD = "gnu++20";
				CLANG_ENABLE_MODULES = YES;
				CLANG_ENABLE_OBJC_ARC = YES;
				CLANG_ENABLE_OBJC_WEAK = YES;
				CLANG_WARN_BLOCK_CAPTURE_AUTORELEASING = YES;
				CLANG_WARN_BOOL_CONVERSION = YES;
				CLANG_WARN_COMMA = YES;
				CLANG_WARN_CONSTANT_CONVERSION = YES;
				CLANG_WARN_DEPRECATED_OBJC_IMPLEMENTATIONS = YES;
				CLANG_WARN_DIRECT_OBJC_ISA_USAGE = YES_ERROR;
				CLANG_WARN_DOCUMENTATION_COMMENTS = YES;
				CLANG_WARN_EMPTY_BODY = YES;
				CLANG_WARN_ENUM_CONVERSION = YES;
				CLANG_WARN_INFINITE_RECURSION = YES;
				CLANG_WARN_INT_CONVERSION = YES;
				CLANG_WARN_NON_LITERAL_NULL_CONVERSION = YES;
				CLANG_WARN_OBJC_IMPLICIT_RETAIN_SELF = YES;
				CLANG_WARN_OBJC_LITERAL_CONVERSION = YES;
				CLANG_WARN_OBJC_ROOT_CLASS = YES_ERROR;
				CLANG_WARN_QUOTED_INCLUDE_IN_FRAMEWORK_HEADER = YES;
				CLANG_WARN_RANGE_LOOP_ANALYSIS = YES;
				CLANG_WARN_STRICT_PROTOTYPES = YES;
				CLANG_WARN_SUSPICIOUS_MOVE = YES;
				CLANG_WARN_UNGUARDED_AVAILABILITY = YES_AGGRESSIVE;
				CLANG_WARN_UNREACHABLE_CODE = YES;
				CLANG_WARN__DUPLICATE_METHOD_MATCH = YES;
				COPY_PHASE_STRIP = NO;
				DEBUG_INFORMATION_FORMAT = "dwarf-with-dsym";
				ENABLE_NS_ASSERTIONS = NO;
				ENABLE_STRICT_OBJC_MSGSEND = YES;
				ENABLE_USER_SCRIPT_SANDBOXING = YES;
				GCC_C_LANGUAGE_STANDARD = gnu17;
				GCC_NO_COMMON_BLOCKS = YES;
				GCC_WARN_64_TO_32_BIT_CONVERSION = YES;
				GCC_WARN_ABOUT_RETURN_TYPE = YES_ERROR;
				GCC_WARN_UNDECLARED_SELECTOR = YES;
				GCC_WARN_UNINITIALIZED_AUTOS = YES_AGGRESSIVE;
				GCC_WARN_UNUSED_FUNCTION = YES;
				GCC_WARN_UNUSED_VARIABLE = YES;
				IPHONEOS_DEPLOYMENT_TARGET = 17.0;
				LOCALIZATION_PREFERS_STRING_CATALOGS = YES;
				MTL_ENABLE_DEBUG_INFO = NO;
				MTL_FAST_MATH = YES;
				SDKROOT = iphoneos;
				SWIFT_COMPILATION_MODE = wholemodule;
				VALIDATE_PRODUCT = YES;
			};
			name = Release;
		};
		BF3B4E862A45560000A99CD9 /* Debug */ = {
			isa = XCBuildConfiguration;
			buildSettings = {
				ASSETCATALOG_COMPILER_APPICON_NAME = AppIcon;
				ASSETCATALOG_COMPILER_GLOBAL_ACCENT_COLOR_NAME = AccentColor;
				CODE_SIGN_STYLE = Automatic;
				CURRENT_PROJECT_VERSION = 1;
				DEVELOPMENT_ASSET_PATHS = "\"CryptoTracker/Preview Content\"";
				DEVELOPMENT_TEAM = MW8J28522L;
				ENABLE_PREVIEWS = YES;
				GENERATE_INFOPLIST_FILE = YES;
				INFOPLIST_KEY_CFBundleDisplayName = CryptoTracker;
				INFOPLIST_KEY_LSApplicationCategoryType = "public.app-category.finance";
				INFOPLIST_KEY_UIApplicationSceneManifest_Generation = YES;
				INFOPLIST_KEY_UIApplicationSupportsIndirectInputEvents = YES;
				INFOPLIST_KEY_UILaunchScreen_Generation = YES;
				INFOPLIST_KEY_UISupportedInterfaceOrientations = UIInterfaceOrientationPortrait;
				INFOPLIST_KEY_UISupportedInterfaceOrientations_iPad = "UIInterfaceOrientationPortrait UIInterfaceOrientationPortraitUpsideDown";
				IPHONEOS_DEPLOYMENT_TARGET = 16.0;
				LD_RUNPATH_SEARCH_PATHS = (
					"$(inherited)",
					"@executable_path/Frameworks",
				);
				MARKETING_VERSION = 1.0;
				PRODUCT_BUNDLE_IDENTIFIER = com.Jun.CryptoTracker;
				PRODUCT_NAME = "$(TARGET_NAME)";
				SWIFT_EMIT_LOC_STRINGS = YES;
				SWIFT_VERSION = 5.0;
				TARGETED_DEVICE_FAMILY = "1,2";
			};
			name = Debug;
		};
		BF3B4E872A45560000A99CD9 /* Release */ = {
			isa = XCBuildConfiguration;
			buildSettings = {
				ASSETCATALOG_COMPILER_APPICON_NAME = AppIcon;
				ASSETCATALOG_COMPILER_GLOBAL_ACCENT_COLOR_NAME = AccentColor;
				CODE_SIGN_STYLE = Automatic;
				CURRENT_PROJECT_VERSION = 1;
				DEVELOPMENT_ASSET_PATHS = "\"CryptoTracker/Preview Content\"";
				DEVELOPMENT_TEAM = MW8J28522L;
				ENABLE_PREVIEWS = YES;
				GENERATE_INFOPLIST_FILE = YES;
				INFOPLIST_KEY_CFBundleDisplayName = CryptoTracker;
				INFOPLIST_KEY_LSApplicationCategoryType = "public.app-category.finance";
				INFOPLIST_KEY_UIApplicationSceneManifest_Generation = YES;
				INFOPLIST_KEY_UIApplicationSupportsIndirectInputEvents = YES;
				INFOPLIST_KEY_UILaunchScreen_Generation = YES;
				INFOPLIST_KEY_UISupportedInterfaceOrientations = UIInterfaceOrientationPortrait;
				INFOPLIST_KEY_UISupportedInterfaceOrientations_iPad = "UIInterfaceOrientationPortrait UIInterfaceOrientationPortraitUpsideDown";
				IPHONEOS_DEPLOYMENT_TARGET = 16.0;
				LD_RUNPATH_SEARCH_PATHS = (
					"$(inherited)",
					"@executable_path/Frameworks",
				);
				MARKETING_VERSION = 1.0;
				PRODUCT_BUNDLE_IDENTIFIER = com.Jun.CryptoTracker;
				PRODUCT_NAME = "$(TARGET_NAME)";
				SWIFT_EMIT_LOC_STRINGS = YES;
				SWIFT_VERSION = 5.0;
				TARGETED_DEVICE_FAMILY = "1,2";
			};
			name = Release;
		};
/* End XCBuildConfiguration section */

/* Begin XCConfigurationList section */
		BF3B4E722A4555FF00A99CD9 /* Build configuration list for PBXProject "CryptoTracker" */ = {
			isa = XCConfigurationList;
			buildConfigurations = (
				BF3B4E832A45560000A99CD9 /* Debug */,
				BF3B4E842A45560000A99CD9 /* Release */,
			);
			defaultConfigurationIsVisible = 0;
			defaultConfigurationName = Release;
		};
		BF3B4E852A45560000A99CD9 /* Build configuration list for PBXNativeTarget "CryptoTracker" */ = {
			isa = XCConfigurationList;
			buildConfigurations = (
				BF3B4E862A45560000A99CD9 /* Debug */,
				BF3B4E872A45560000A99CD9 /* Release */,
			);
			defaultConfigurationIsVisible = 0;
			defaultConfigurationName = Release;
		};
/* End XCConfigurationList section */
	};
	rootObject = BF3B4E6F2A4555FF00A99CD9 /* Project object */;
}
